
Microsoft Visual Studio Solution File, Format Version 12.00
# Visual Studio Version 16
VisualStudioVersion = 16.0.31205.134
MinimumVisualStudioVersion = 10.0.40219.1
Project("{2150E333-8FDC-42A3-9474-1A3956D46DE8}") = "Services", "Services", "{8BC3A88C-ECFE-4B1B-99E6-6CF3A5D66EEB}"
EndProject
Project("{2150E333-8FDC-42A3-9474-1A3956D46DE8}") = "Catalog", "Catalog", "{E4BBD075-81DC-4B95-8111-2C0EDE5D4322}"
EndProject
Project("{9A19103F-16F7-4668-BE54-9A1E7A4F7556}") = "Catalog.API", "Services\Catalog\Catalog.API\Catalog.API.csproj", "{3B8C6E32-6ABA-4DE8-97B6-FE20338F100B}"
EndProject
Project("{E53339B2-1760-4266-BCC7-CA923CBCF16C}") = "docker-compose", "docker-compose.dcproj", "{596B992B-30AF-49DF-BB99-71D3CC1BB92E}"
EndProject
Project("{2150E333-8FDC-42A3-9474-1A3956D46DE8}") = "Basket", "Basket", "{431DAB13-74B9-4CE8-A0D2-25D8E0771930}"
EndProject
Project("{9A19103F-16F7-4668-BE54-9A1E7A4F7556}") = "Basket.API", "Services\Basket\Basket.API\Basket.API.csproj", "{5FDA634A-8B38-4116-AD6B-74DA2497B154}"
EndProject
Project("{2150E333-8FDC-42A3-9474-1A3956D46DE8}") = "Discount", "Discount", "{95CAF35C-0435-43B1-BF94-39CB66E19298}"
EndProject
Project("{9A19103F-16F7-4668-BE54-9A1E7A4F7556}") = "Discount.API", "Services\Discount\Discount.API\Discount.API.csproj", "{93E98F69-5746-434C-A906-C38EA701E217}"
EndProject
Project("{9A19103F-16F7-4668-BE54-9A1E7A4F7556}") = "Discount.Grpc", "Services\Discount\Discount.Grpc\Discount.Grpc.csproj", "{E001FB23-0059-48D5-9B20-02889A4A59EB}"
EndProject
Project("{2150E333-8FDC-42A3-9474-1A3956D46DE8}") = "Ordering", "Ordering", "{6E2F3913-0028-4D1F-8B24-E9CB722AB222}"
EndProject
Project("{FAE04EC0-301F-11D3-BF4B-00C04F79EFBC}") = "Ordering.API", "Services\Ordering\Ordering.API\Ordering.API.csproj", "{CFB7FB3C-A66D-4E80-B605-780080CA73F6}"
EndProject
Global
	GlobalSection(SolutionConfigurationPlatforms) = preSolution
		Debug|Any CPU = Debug|Any CPU
		Release|Any CPU = Release|Any CPU
	EndGlobalSection
	GlobalSection(ProjectConfigurationPlatforms) = postSolution
		{3B8C6E32-6ABA-4DE8-97B6-FE20338F100B}.Debug|Any CPU.ActiveCfg = Debug|Any CPU
		{3B8C6E32-6ABA-4DE8-97B6-FE20338F100B}.Debug|Any CPU.Build.0 = Debug|Any CPU
		{3B8C6E32-6ABA-4DE8-97B6-FE20338F100B}.Release|Any CPU.ActiveCfg = Release|Any CPU
		{3B8C6E32-6ABA-4DE8-97B6-FE20338F100B}.Release|Any CPU.Build.0 = Release|Any CPU
		{596B992B-30AF-49DF-BB99-71D3CC1BB92E}.Debug|Any CPU.ActiveCfg = Debug|Any CPU
		{596B992B-30AF-49DF-BB99-71D3CC1BB92E}.Debug|Any CPU.Build.0 = Debug|Any CPU
		{596B992B-30AF-49DF-BB99-71D3CC1BB92E}.Release|Any CPU.ActiveCfg = Release|Any CPU
		{596B992B-30AF-49DF-BB99-71D3CC1BB92E}.Release|Any CPU.Build.0 = Release|Any CPU
		{5FDA634A-8B38-4116-AD6B-74DA2497B154}.Debug|Any CPU.ActiveCfg = Debug|Any CPU
		{5FDA634A-8B38-4116-AD6B-74DA2497B154}.Debug|Any CPU.Build.0 = Debug|Any CPU
		{5FDA634A-8B38-4116-AD6B-74DA2497B154}.Release|Any CPU.ActiveCfg = Release|Any CPU
		{5FDA634A-8B38-4116-AD6B-74DA2497B154}.Release|Any CPU.Build.0 = Release|Any CPU
		{93E98F69-5746-434C-A906-C38EA701E217}.Debug|Any CPU.ActiveCfg = Debug|Any CPU
		{93E98F69-5746-434C-A906-C38EA701E217}.Debug|Any CPU.Build.0 = Debug|Any CPU
		{93E98F69-5746-434C-A906-C38EA701E217}.Release|Any CPU.ActiveCfg = Release|Any CPU
		{93E98F69-5746-434C-A906-C38EA701E217}.Release|Any CPU.Build.0 = Release|Any CPU
		{E001FB23-0059-48D5-9B20-02889A4A59EB}.Debug|Any CPU.ActiveCfg = Debug|Any CPU
		{E001FB23-0059-48D5-9B20-02889A4A59EB}.Debug|Any CPU.Build.0 = Debug|Any CPU
		{E001FB23-0059-48D5-9B20-02889A4A59EB}.Release|Any CPU.ActiveCfg = Release|Any CPU
		{E001FB23-0059-48D5-9B20-02889A4A59EB}.Release|Any CPU.Build.0 = Release|Any CPU
		{CFB7FB3C-A66D-4E80-B605-780080CA73F6}.Debug|Any CPU.ActiveCfg = Debug|Any CPU
		{CFB7FB3C-A66D-4E80-B605-780080CA73F6}.Debug|Any CPU.Build.0 = Debug|Any CPU
		{CFB7FB3C-A66D-4E80-B605-780080CA73F6}.Release|Any CPU.ActiveCfg = Release|Any CPU
		{CFB7FB3C-A66D-4E80-B605-780080CA73F6}.Release|Any CPU.Build.0 = Release|Any CPU
	EndGlobalSection
	GlobalSection(SolutionProperties) = preSolution
		HideSolutionNode = FALSE
	EndGlobalSection
	GlobalSection(NestedProjects) = preSolution
		{E4BBD075-81DC-4B95-8111-2C0EDE5D4322} = {8BC3A88C-ECFE-4B1B-99E6-6CF3A5D66EEB}
		{3B8C6E32-6ABA-4DE8-97B6-FE20338F100B} = {E4BBD075-81DC-4B95-8111-2C0EDE5D4322}
		{431DAB13-74B9-4CE8-A0D2-25D8E0771930} = {8BC3A88C-ECFE-4B1B-99E6-6CF3A5D66EEB}
		{5FDA634A-8B38-4116-AD6B-74DA2497B154} = {431DAB13-74B9-4CE8-A0D2-25D8E0771930}
		{95CAF35C-0435-43B1-BF94-39CB66E19298} = {8BC3A88C-ECFE-4B1B-99E6-6CF3A5D66EEB}
		{93E98F69-5746-434C-A906-C38EA701E217} = {95CAF35C-0435-43B1-BF94-39CB66E19298}
		{E001FB23-0059-48D5-9B20-02889A4A59EB} = {95CAF35C-0435-43B1-BF94-39CB66E19298}
		{6E2F3913-0028-4D1F-8B24-E9CB722AB222} = {8BC3A88C-ECFE-4B1B-99E6-6CF3A5D66EEB}
		{CFB7FB3C-A66D-4E80-B605-780080CA73F6} = {6E2F3913-0028-4D1F-8B24-E9CB722AB222}
	EndGlobalSection
	GlobalSection(ExtensibilityGlobals) = postSolution
		SolutionGuid = {7C601EA4-CA27-45E6-999A-FFD49398A235}
	EndGlobalSection
EndGlobal
